// !$*UTF8*$!
{
	archiveVersion = 1;
	classes = {
	};
	objectVersion = 55;
	objects = {

/* Begin PBXBuildFile section */
		72064E972C609F0400BC0553 /* GistListViewModel.swift in Sources */ = {isa = PBXBuildFile; fileRef = 72064E962C609F0400BC0553 /* GistListViewModel.swift */; };
		72064E992C60BB7700BC0553 /* GistDetailViewModel.swift in Sources */ = {isa = PBXBuildFile; fileRef = 72064E982C60BB7700BC0553 /* GistDetailViewModel.swift */; };
		72064E9E2C60BBC700BC0553 /* GistDetailWorker.swift in Sources */ = {isa = PBXBuildFile; fileRef = 72064E9D2C60BBC700BC0553 /* GistDetailWorker.swift */; };
		72064EA32C62B38100BC0553 /* Inject.swift in Sources */ = {isa = PBXBuildFile; fileRef = 72064EA22C62B38100BC0553 /* Inject.swift */; };
		72064EAA2C62BFCE00BC0553 /* EndpointProtocol.swift in Sources */ = {isa = PBXBuildFile; fileRef = 72064EA92C62BFCE00BC0553 /* EndpointProtocol.swift */; };
		72064EAC2C62BFF900BC0553 /* GistListRequestEndpoint.swift in Sources */ = {isa = PBXBuildFile; fileRef = 72064EAB2C62BFF900BC0553 /* GistListRequestEndpoint.swift */; };
		72064EAF2C631BFE00BC0553 /* GistListWorkerTests.swift in Sources */ = {isa = PBXBuildFile; fileRef = 72064EAE2C631BFE00BC0553 /* GistListWorkerTests.swift */; };
		72064EB52C632AA000BC0553 /* GistError.swift in Sources */ = {isa = PBXBuildFile; fileRef = 72064EB42C632AA000BC0553 /* GistError.swift */; };
		72064EBB2C675A5F00BC0553 /* NetworkSpy.swift in Sources */ = {isa = PBXBuildFile; fileRef = 72064EBA2C675A5F00BC0553 /* NetworkSpy.swift */; };
		72064EBE2C675AD700BC0553 /* Data+Extensions.swift in Sources */ = {isa = PBXBuildFile; fileRef = 72064EBD2C675AD700BC0553 /* Data+Extensions.swift */; };
		72064EC12C675B5C00BC0553 /* GistDetailWorkerTests.swift in Sources */ = {isa = PBXBuildFile; fileRef = 72064EC02C675B5C00BC0553 /* GistDetailWorkerTests.swift */; };
		72064EC32C68B18B00BC0553 /* GistDetailViewModelTests.swift in Sources */ = {isa = PBXBuildFile; fileRef = 72064EC22C68B18B00BC0553 /* GistDetailViewModelTests.swift */; };
		72064EC52C68B21900BC0553 /* GistListViewModelTests.swift in Sources */ = {isa = PBXBuildFile; fileRef = 72064EC42C68B21900BC0553 /* GistListViewModelTests.swift */; };
		726798F52C5EBD5D003EAC39 /* GistListWorker.swift in Sources */ = {isa = PBXBuildFile; fileRef = 726798F42C5EBD5D003EAC39 /* GistListWorker.swift */; };
		726798F72C5EBD6E003EAC39 /* Network.swift in Sources */ = {isa = PBXBuildFile; fileRef = 726798F62C5EBD6E003EAC39 /* Network.swift */; };
		72A8247E29018B2300A2619D /* Gist.swift in Sources */ = {isa = PBXBuildFile; fileRef = 72A8247D29018B2300A2619D /* Gist.swift */; };
		72A82482290198E800A2619D /* GistFile.swift in Sources */ = {isa = PBXBuildFile; fileRef = 72A82481290198E800A2619D /* GistFile.swift */; };
		72A8248529019D5800A2619D /* GistListView.swift in Sources */ = {isa = PBXBuildFile; fileRef = 72A8248429019D5800A2619D /* GistListView.swift */; };
		72A8248B2901D42D00A2619D /* GistTableViewCell.swift in Sources */ = {isa = PBXBuildFile; fileRef = 72A8248A2901D42D00A2619D /* GistTableViewCell.swift */; };
		72AFB5532903B03B00FAE603 /* UIImage+Extension.swift in Sources */ = {isa = PBXBuildFile; fileRef = 72AFB5522903B03B00FAE603 /* UIImage+Extension.swift */; };
		72AFB56229052E1500FAE603 /* String+Extension.swift in Sources */ = {isa = PBXBuildFile; fileRef = 72AFB56129052E1500FAE603 /* String+Extension.swift */; };
		72AFB56B2905D18800FAE603 /* GistDetailView.swift in Sources */ = {isa = PBXBuildFile; fileRef = 72AFB56A2905D18800FAE603 /* GistDetailView.swift */; };
		72AFB56D2905DD9100FAE603 /* ViewCodeProtocol.swift in Sources */ = {isa = PBXBuildFile; fileRef = 72AFB56C2905DD9100FAE603 /* ViewCodeProtocol.swift */; };
		72EFF041290076740014DF5D /* AppDelegate.swift in Sources */ = {isa = PBXBuildFile; fileRef = 72EFF040290076740014DF5D /* AppDelegate.swift */; };
		72EFF043290076740014DF5D /* SceneDelegate.swift in Sources */ = {isa = PBXBuildFile; fileRef = 72EFF042290076740014DF5D /* SceneDelegate.swift */; };
		72EFF04A290076740014DF5D /* Assets.xcassets in Resources */ = {isa = PBXBuildFile; fileRef = 72EFF049290076740014DF5D /* Assets.xcassets */; };
		72EFF04D290076740014DF5D /* LaunchScreen.storyboard in Resources */ = {isa = PBXBuildFile; fileRef = 72EFF04B290076740014DF5D /* LaunchScreen.storyboard */; };
/* End PBXBuildFile section */

/* Begin PBXContainerItemProxy section */
		72EFF054290076740014DF5D /* PBXContainerItemProxy */ = {
			isa = PBXContainerItemProxy;
			containerPortal = 72EFF035290076740014DF5D /* Project object */;
			proxyType = 1;
			remoteGlobalIDString = 72EFF03C290076740014DF5D;
			remoteInfo = Gist;
		};
/* End PBXContainerItemProxy section */

/* Begin PBXFileReference section */
		72064E962C609F0400BC0553 /* GistListViewModel.swift */ = {isa = PBXFileReference; lastKnownFileType = sourcecode.swift; path = GistListViewModel.swift; sourceTree = "<group>"; };
		72064E982C60BB7700BC0553 /* GistDetailViewModel.swift */ = {isa = PBXFileReference; lastKnownFileType = sourcecode.swift; path = GistDetailViewModel.swift; sourceTree = "<group>"; };
		72064E9D2C60BBC700BC0553 /* GistDetailWorker.swift */ = {isa = PBXFileReference; lastKnownFileType = sourcecode.swift; path = GistDetailWorker.swift; sourceTree = "<group>"; };
		72064EA22C62B38100BC0553 /* Inject.swift */ = {isa = PBXFileReference; lastKnownFileType = sourcecode.swift; path = Inject.swift; sourceTree = "<group>"; };
		72064EA92C62BFCE00BC0553 /* EndpointProtocol.swift */ = {isa = PBXFileReference; lastKnownFileType = sourcecode.swift; path = EndpointProtocol.swift; sourceTree = "<group>"; };
		72064EAB2C62BFF900BC0553 /* GistListRequestEndpoint.swift */ = {isa = PBXFileReference; lastKnownFileType = sourcecode.swift; path = GistListRequestEndpoint.swift; sourceTree = "<group>"; };
		72064EAE2C631BFE00BC0553 /* GistListWorkerTests.swift */ = {isa = PBXFileReference; lastKnownFileType = sourcecode.swift; path = GistListWorkerTests.swift; sourceTree = "<group>"; };
		72064EB42C632AA000BC0553 /* GistError.swift */ = {isa = PBXFileReference; lastKnownFileType = sourcecode.swift; path = GistError.swift; sourceTree = "<group>"; };
		72064EBA2C675A5F00BC0553 /* NetworkSpy.swift */ = {isa = PBXFileReference; lastKnownFileType = sourcecode.swift; path = NetworkSpy.swift; sourceTree = "<group>"; };
		72064EBD2C675AD700BC0553 /* Data+Extensions.swift */ = {isa = PBXFileReference; lastKnownFileType = sourcecode.swift; path = "Data+Extensions.swift"; sourceTree = "<group>"; };
		72064EC02C675B5C00BC0553 /* GistDetailWorkerTests.swift */ = {isa = PBXFileReference; lastKnownFileType = sourcecode.swift; path = GistDetailWorkerTests.swift; sourceTree = "<group>"; };
		72064EC22C68B18B00BC0553 /* GistDetailViewModelTests.swift */ = {isa = PBXFileReference; lastKnownFileType = sourcecode.swift; path = GistDetailViewModelTests.swift; sourceTree = "<group>"; };
		72064EC42C68B21900BC0553 /* GistListViewModelTests.swift */ = {isa = PBXFileReference; lastKnownFileType = sourcecode.swift; path = GistListViewModelTests.swift; sourceTree = "<group>"; };
		726798F42C5EBD5D003EAC39 /* GistListWorker.swift */ = {isa = PBXFileReference; lastKnownFileType = sourcecode.swift; path = GistListWorker.swift; sourceTree = "<group>"; };
		726798F62C5EBD6E003EAC39 /* Network.swift */ = {isa = PBXFileReference; lastKnownFileType = sourcecode.swift; name = Network.swift; path = ../Modules/GistListModule/Network.swift; sourceTree = "<group>"; };
		72A8247D29018B2300A2619D /* Gist.swift */ = {isa = PBXFileReference; lastKnownFileType = sourcecode.swift; path = Gist.swift; sourceTree = "<group>"; };
		72A82481290198E800A2619D /* GistFile.swift */ = {isa = PBXFileReference; lastKnownFileType = sourcecode.swift; path = GistFile.swift; sourceTree = "<group>"; };
		72A8248429019D5800A2619D /* GistListView.swift */ = {isa = PBXFileReference; lastKnownFileType = sourcecode.swift; path = GistListView.swift; sourceTree = "<group>"; };
		72A8248A2901D42D00A2619D /* GistTableViewCell.swift */ = {isa = PBXFileReference; lastKnownFileType = sourcecode.swift; path = GistTableViewCell.swift; sourceTree = "<group>"; };
		72AFB5522903B03B00FAE603 /* UIImage+Extension.swift */ = {isa = PBXFileReference; lastKnownFileType = sourcecode.swift; path = "UIImage+Extension.swift"; sourceTree = "<group>"; };
		72AFB56129052E1500FAE603 /* String+Extension.swift */ = {isa = PBXFileReference; lastKnownFileType = sourcecode.swift; path = "String+Extension.swift"; sourceTree = "<group>"; };
		72AFB56A2905D18800FAE603 /* GistDetailView.swift */ = {isa = PBXFileReference; lastKnownFileType = sourcecode.swift; path = GistDetailView.swift; sourceTree = "<group>"; };
		72AFB56C2905DD9100FAE603 /* ViewCodeProtocol.swift */ = {isa = PBXFileReference; lastKnownFileType = sourcecode.swift; path = ViewCodeProtocol.swift; sourceTree = "<group>"; };
		72EFF03D290076740014DF5D /* Gist.app */ = {isa = PBXFileReference; explicitFileType = wrapper.application; includeInIndex = 0; path = Gist.app; sourceTree = BUILT_PRODUCTS_DIR; };
		72EFF040290076740014DF5D /* AppDelegate.swift */ = {isa = PBXFileReference; lastKnownFileType = sourcecode.swift; path = AppDelegate.swift; sourceTree = "<group>"; };
		72EFF042290076740014DF5D /* SceneDelegate.swift */ = {isa = PBXFileReference; lastKnownFileType = sourcecode.swift; path = SceneDelegate.swift; sourceTree = "<group>"; };
		72EFF049290076740014DF5D /* Assets.xcassets */ = {isa = PBXFileReference; lastKnownFileType = folder.assetcatalog; path = Assets.xcassets; sourceTree = "<group>"; };
		72EFF04C290076740014DF5D /* Base */ = {isa = PBXFileReference; lastKnownFileType = file.storyboard; name = Base; path = Base.lproj/LaunchScreen.storyboard; sourceTree = "<group>"; };
		72EFF04E290076740014DF5D /* Info.plist */ = {isa = PBXFileReference; lastKnownFileType = text.plist.xml; path = Info.plist; sourceTree = "<group>"; };
		72EFF053290076740014DF5D /* GistTests.xctest */ = {isa = PBXFileReference; explicitFileType = wrapper.cfbundle; includeInIndex = 0; path = GistTests.xctest; sourceTree = BUILT_PRODUCTS_DIR; };
/* End PBXFileReference section */

/* Begin PBXFrameworksBuildPhase section */
		72EFF03A290076740014DF5D /* Frameworks */ = {
			isa = PBXFrameworksBuildPhase;
			buildActionMask = 2147483647;
			files = (
			);
			runOnlyForDeploymentPostprocessing = 0;
		};
		72EFF050290076740014DF5D /* Frameworks */ = {
			isa = PBXFrameworksBuildPhase;
			buildActionMask = 2147483647;
			files = (
			);
			runOnlyForDeploymentPostprocessing = 0;
		};
/* End PBXFrameworksBuildPhase section */

/* Begin PBXGroup section */
		72064EA12C62B37000BC0553 /* Constants */ = {
			isa = PBXGroup;
			children = (
				72064EA22C62B38100BC0553 /* Inject.swift */,
			);
			name = Constants;
			sourceTree = "<group>";
		};
		72064EA52C62BF5B00BC0553 /* Network */ = {
			isa = PBXGroup;
			children = (
				72064EB32C632A8A00BC0553 /* GistError */,
				72064EA82C62BFC100BC0553 /* Endpoint */,
				726798F62C5EBD6E003EAC39 /* Network.swift */,
			);
			name = Network;
			sourceTree = "<group>";
		};
		72064EA82C62BFC100BC0553 /* Endpoint */ = {
			isa = PBXGroup;
			children = (
				72064EA92C62BFCE00BC0553 /* EndpointProtocol.swift */,
			);
			name = Endpoint;
			sourceTree = "<group>";
		};
		72064EAD2C631AF200BC0553 /* GistTests */ = {
			isa = PBXGroup;
			children = (
				72064EB82C675A2E00BC0553 /* Helpers */,
				72064EBF2C675B2500BC0553 /* Modules */,
			);
			path = GistTests;
			sourceTree = "<group>";
		};
		72064EB32C632A8A00BC0553 /* GistError */ = {
			isa = PBXGroup;
			children = (
				72064EB42C632AA000BC0553 /* GistError.swift */,
			);
			name = GistError;
			sourceTree = "<group>";
		};
		72064EB62C67596E00BC0553 /* GistList */ = {
			isa = PBXGroup;
			children = (
				72064EC42C68B21900BC0553 /* GistListViewModelTests.swift */,
				72064EAE2C631BFE00BC0553 /* GistListWorkerTests.swift */,
			);
			path = GistList;
			sourceTree = "<group>";
		};
		72064EB72C67597E00BC0553 /* GistDetail */ = {
			isa = PBXGroup;
			children = (
				72064EC22C68B18B00BC0553 /* GistDetailViewModelTests.swift */,
				72064EC02C675B5C00BC0553 /* GistDetailWorkerTests.swift */,
			);
			path = GistDetail;
			sourceTree = "<group>";
		};
		72064EB82C675A2E00BC0553 /* Helpers */ = {
			isa = PBXGroup;
			children = (
				72064EBC2C675AB100BC0553 /* Extension */,
				72064EB92C675A3800BC0553 /* Spies */,
			);
			path = Helpers;
			sourceTree = "<group>";
		};
		72064EB92C675A3800BC0553 /* Spies */ = {
			isa = PBXGroup;
			children = (
				72064EBA2C675A5F00BC0553 /* NetworkSpy.swift */,
			);
			name = Spies;
			sourceTree = "<group>";
		};
		72064EBC2C675AB100BC0553 /* Extension */ = {
			isa = PBXGroup;
			children = (
				72064EBD2C675AD700BC0553 /* Data+Extensions.swift */,
			);
			name = Extension;
			sourceTree = "<group>";
		};
		72064EBF2C675B2500BC0553 /* Modules */ = {
			isa = PBXGroup;
			children = (
				72064EB62C67596E00BC0553 /* GistList */,
				72064EB72C67597E00BC0553 /* GistDetail */,
			);
			path = Modules;
			sourceTree = "<group>";
		};
		7230F48F2900780700DC7CE4 /* GistListModule */ = {
			isa = PBXGroup;
			children = (
				726798F32C5EBB78003EAC39 /* Network */,
				72A82483290198FF00A2619D /* Entities */,
				72A8248429019D5800A2619D /* GistListView.swift */,
				72A8248A2901D42D00A2619D /* GistTableViewCell.swift */,
				72064E962C609F0400BC0553 /* GistListViewModel.swift */,
				726798F42C5EBD5D003EAC39 /* GistListWorker.swift */,
			);
			path = GistListModule;
			sourceTree = "<group>";
		};
		7230F4B32900798200DC7CE4 /* Modules */ = {
			isa = PBXGroup;
			children = (
				7230F48F2900780700DC7CE4 /* GistListModule */,
				72AFB56329052E4700FAE603 /* GistDetail */,
			);
			path = Modules;
			sourceTree = "<group>";
		};
		726798F32C5EBB78003EAC39 /* Network */ = {
			isa = PBXGroup;
			children = (
				72064EAB2C62BFF900BC0553 /* GistListRequestEndpoint.swift */,
			);
			name = Network;
			sourceTree = "<group>";
		};
		72A82483290198FF00A2619D /* Entities */ = {
			isa = PBXGroup;
			children = (
				72A8247D29018B2300A2619D /* Gist.swift */,
				72A82481290198E800A2619D /* GistFile.swift */,
			);
			name = Entities;
			sourceTree = "<group>";
		};
		72AFB5512903AF7E00FAE603 /* Helper */ = {
			isa = PBXGroup;
			children = (
				72AFB5522903B03B00FAE603 /* UIImage+Extension.swift */,
				72AFB56129052E1500FAE603 /* String+Extension.swift */,
				72AFB56C2905DD9100FAE603 /* ViewCodeProtocol.swift */,
			);
			path = Helper;
			sourceTree = "<group>";
		};
		72AFB5572904C13400FAE603 /* Assets */ = {
			isa = PBXGroup;
			children = (
				72EFF049290076740014DF5D /* Assets.xcassets */,
			);
			name = Assets;
			sourceTree = "<group>";
		};
		72AFB56329052E4700FAE603 /* GistDetail */ = {
			isa = PBXGroup;
			children = (
				72AFB56A2905D18800FAE603 /* GistDetailView.swift */,
				72064E982C60BB7700BC0553 /* GistDetailViewModel.swift */,
				72064E9D2C60BBC700BC0553 /* GistDetailWorker.swift */,
			);
			path = GistDetail;
			sourceTree = "<group>";
		};
		72EFF034290076740014DF5D = {
			isa = PBXGroup;
			children = (
				72EFF03F290076740014DF5D /* Gist */,
				72064EAD2C631AF200BC0553 /* GistTests */,
				72EFF03E290076740014DF5D /* Products */,
			);
			sourceTree = "<group>";
		};
		72EFF03E290076740014DF5D /* Products */ = {
			isa = PBXGroup;
			children = (
				72EFF03D290076740014DF5D /* Gist.app */,
				72EFF053290076740014DF5D /* GistTests.xctest */,
			);
			name = Products;
			sourceTree = "<group>";
		};
		72EFF03F290076740014DF5D /* Gist */ = {
			isa = PBXGroup;
			children = (
				72EFF070290076C80014DF5D /* Common */,
				7230F4B32900798200DC7CE4 /* Modules */,
			);
			path = Gist;
			sourceTree = "<group>";
		};
		72EFF070290076C80014DF5D /* Common */ = {
			isa = PBXGroup;
			children = (
				72064EA52C62BF5B00BC0553 /* Network */,
				72064EA12C62B37000BC0553 /* Constants */,
				72AFB5572904C13400FAE603 /* Assets */,
				72AFB5512903AF7E00FAE603 /* Helper */,
				72EFF040290076740014DF5D /* AppDelegate.swift */,
				72EFF042290076740014DF5D /* SceneDelegate.swift */,
				72EFF04B290076740014DF5D /* LaunchScreen.storyboard */,
				72EFF04E290076740014DF5D /* Info.plist */,
			);
			path = Common;
			sourceTree = "<group>";
		};
/* End PBXGroup section */

/* Begin PBXNativeTarget section */
		72EFF03C290076740014DF5D /* Gist */ = {
			isa = PBXNativeTarget;
			buildConfigurationList = 72EFF067290076740014DF5D /* Build configuration list for PBXNativeTarget "Gist" */;
			buildPhases = (
				72EFF039290076740014DF5D /* Sources */,
				72EFF03A290076740014DF5D /* Frameworks */,
				72EFF03B290076740014DF5D /* Resources */,
			);
			buildRules = (
			);
			dependencies = (
			);
			name = Gist;
			productName = Gist;
			productReference = 72EFF03D290076740014DF5D /* Gist.app */;
			productType = "com.apple.product-type.application";
		};
		72EFF052290076740014DF5D /* GistTests */ = {
			isa = PBXNativeTarget;
			buildConfigurationList = 72EFF06A290076740014DF5D /* Build configuration list for PBXNativeTarget "GistTests" */;
			buildPhases = (
				72EFF04F290076740014DF5D /* Sources */,
				72EFF050290076740014DF5D /* Frameworks */,
				72EFF051290076740014DF5D /* Resources */,
			);
			buildRules = (
			);
			dependencies = (
				72EFF055290076740014DF5D /* PBXTargetDependency */,
			);
			name = GistTests;
			productName = GistTests;
			productReference = 72EFF053290076740014DF5D /* GistTests.xctest */;
			productType = "com.apple.product-type.bundle.unit-test";
		};
/* End PBXNativeTarget section */

/* Begin PBXProject section */
		72EFF035290076740014DF5D /* Project object */ = {
			isa = PBXProject;
			attributes = {
				BuildIndependentTargetsInParallel = 1;
				LastSwiftUpdateCheck = 1340;
				LastUpgradeCheck = 1540;
				TargetAttributes = {
					72EFF03C290076740014DF5D = {
						CreatedOnToolsVersion = 13.4.1;
					};
					72EFF052290076740014DF5D = {
						CreatedOnToolsVersion = 13.4.1;
						LastSwiftMigration = 1540;
						TestTargetID = 72EFF03C290076740014DF5D;
					};
				};
			};
			buildConfigurationList = 72EFF038290076740014DF5D /* Build configuration list for PBXProject "Gist" */;
			compatibilityVersion = "Xcode 13.0";
			developmentRegion = en;
			hasScannedForEncodings = 0;
			knownRegions = (
				en,
				Base,
			);
			mainGroup = 72EFF034290076740014DF5D;
			productRefGroup = 72EFF03E290076740014DF5D /* Products */;
			projectDirPath = "";
			projectRoot = "";
			targets = (
				72EFF03C290076740014DF5D /* Gist */,
				72EFF052290076740014DF5D /* GistTests */,
			);
		};
/* End PBXProject section */

/* Begin PBXResourcesBuildPhase section */
		72EFF03B290076740014DF5D /* Resources */ = {
			isa = PBXResourcesBuildPhase;
			buildActionMask = 2147483647;
			files = (
				72EFF04D290076740014DF5D /* LaunchScreen.storyboard in Resources */,
				72EFF04A290076740014DF5D /* Assets.xcassets in Resources */,
			);
			runOnlyForDeploymentPostprocessing = 0;
		};
		72EFF051290076740014DF5D /* Resources */ = {
			isa = PBXResourcesBuildPhase;
			buildActionMask = 2147483647;
			files = (
			);
			runOnlyForDeploymentPostprocessing = 0;
		};
/* End PBXResourcesBuildPhase section */

/* Begin PBXSourcesBuildPhase section */
		72EFF039290076740014DF5D /* Sources */ = {
			isa = PBXSourcesBuildPhase;
			buildActionMask = 2147483647;
			files = (
				72064EAA2C62BFCE00BC0553 /* EndpointProtocol.swift in Sources */,
				72064EAC2C62BFF900BC0553 /* GistListRequestEndpoint.swift in Sources */,
				72A8247E29018B2300A2619D /* Gist.swift in Sources */,
				72064E9E2C60BBC700BC0553 /* GistDetailWorker.swift in Sources */,
				72AFB56229052E1500FAE603 /* String+Extension.swift in Sources */,
				72064EB52C632AA000BC0553 /* GistError.swift in Sources */,
				72A82482290198E800A2619D /* GistFile.swift in Sources */,
				72EFF041290076740014DF5D /* AppDelegate.swift in Sources */,
				726798F52C5EBD5D003EAC39 /* GistListWorker.swift in Sources */,
				72AFB56B2905D18800FAE603 /* GistDetailView.swift in Sources */,
				72AFB56D2905DD9100FAE603 /* ViewCodeProtocol.swift in Sources */,
				72064E972C609F0400BC0553 /* GistListViewModel.swift in Sources */,
				72A8248B2901D42D00A2619D /* GistTableViewCell.swift in Sources */,
				72064EA32C62B38100BC0553 /* Inject.swift in Sources */,
				72A8248529019D5800A2619D /* GistListView.swift in Sources */,
				726798F72C5EBD6E003EAC39 /* Network.swift in Sources */,
				72EFF043290076740014DF5D /* SceneDelegate.swift in Sources */,
				72AFB5532903B03B00FAE603 /* UIImage+Extension.swift in Sources */,
				72064E992C60BB7700BC0553 /* GistDetailViewModel.swift in Sources */,
			);
			runOnlyForDeploymentPostprocessing = 0;
		};
		72EFF04F290076740014DF5D /* Sources */ = {
			isa = PBXSourcesBuildPhase;
			buildActionMask = 2147483647;
			files = (
				72064EC12C675B5C00BC0553 /* GistDetailWorkerTests.swift in Sources */,
				72064EBE2C675AD700BC0553 /* Data+Extensions.swift in Sources */,
				72064EC32C68B18B00BC0553 /* GistDetailViewModelTests.swift in Sources */,
				72064EAF2C631BFE00BC0553 /* GistListWorkerTests.swift in Sources */,
				72064EBB2C675A5F00BC0553 /* NetworkSpy.swift in Sources */,
				72064EC52C68B21900BC0553 /* GistListViewModelTests.swift in Sources */,
			);
			runOnlyForDeploymentPostprocessing = 0;
		};
/* End PBXSourcesBuildPhase section */

/* Begin PBXTargetDependency section */
		72EFF055290076740014DF5D /* PBXTargetDependency */ = {
			isa = PBXTargetDependency;
			target = 72EFF03C290076740014DF5D /* Gist */;
			targetProxy = 72EFF054290076740014DF5D /* PBXContainerItemProxy */;
		};
/* End PBXTargetDependency section */

/* Begin PBXVariantGroup section */
		72EFF04B290076740014DF5D /* LaunchScreen.storyboard */ = {
			isa = PBXVariantGroup;
			children = (
				72EFF04C290076740014DF5D /* Base */,
			);
			name = LaunchScreen.storyboard;
			sourceTree = "<group>";
		};
/* End PBXVariantGroup section */

/* Begin XCBuildConfiguration section */
		72EFF065290076740014DF5D /* Debug */ = {
			isa = XCBuildConfiguration;
			buildSettings = {
				ALWAYS_SEARCH_USER_PATHS = NO;
				CLANG_ANALYZER_NONNULL = YES;
				CLANG_ANALYZER_NUMBER_OBJECT_CONVERSION = YES_AGGRESSIVE;
				CLANG_CXX_LANGUAGE_STANDARD = "gnu++17";
				CLANG_ENABLE_MODULES = YES;
				CLANG_ENABLE_OBJC_ARC = YES;
				CLANG_ENABLE_OBJC_WEAK = YES;
				CLANG_WARN_BLOCK_CAPTURE_AUTORELEASING = YES;
				CLANG_WARN_BOOL_CONVERSION = YES;
				CLANG_WARN_COMMA = YES;
				CLANG_WARN_CONSTANT_CONVERSION = YES;
				CLANG_WARN_DEPRECATED_OBJC_IMPLEMENTATIONS = YES;
				CLANG_WARN_DIRECT_OBJC_ISA_USAGE = YES_ERROR;
				CLANG_WARN_DOCUMENTATION_COMMENTS = YES;
				CLANG_WARN_EMPTY_BODY = YES;
				CLANG_WARN_ENUM_CONVERSION = YES;
				CLANG_WARN_INFINITE_RECURSION = YES;
				CLANG_WARN_INT_CONVERSION = YES;
				CLANG_WARN_NON_LITERAL_NULL_CONVERSION = YES;
				CLANG_WARN_OBJC_IMPLICIT_RETAIN_SELF = YES;
				CLANG_WARN_OBJC_LITERAL_CONVERSION = YES;
				CLANG_WARN_OBJC_ROOT_CLASS = YES_ERROR;
				CLANG_WARN_QUOTED_INCLUDE_IN_FRAMEWORK_HEADER = YES;
				CLANG_WARN_RANGE_LOOP_ANALYSIS = YES;
				CLANG_WARN_STRICT_PROTOTYPES = YES;
				CLANG_WARN_SUSPICIOUS_MOVE = YES;
				CLANG_WARN_UNGUARDED_AVAILABILITY = YES_AGGRESSIVE;
				CLANG_WARN_UNREACHABLE_CODE = YES;
				CLANG_WARN__DUPLICATE_METHOD_MATCH = YES;
				COPY_PHASE_STRIP = NO;
				DEBUG_INFORMATION_FORMAT = dwarf;
				ENABLE_STRICT_OBJC_MSGSEND = YES;
				ENABLE_TESTABILITY = YES;
				ENABLE_USER_SCRIPT_SANDBOXING = YES;
				GCC_C_LANGUAGE_STANDARD = gnu11;
				GCC_DYNAMIC_NO_PIC = NO;
				GCC_NO_COMMON_BLOCKS = YES;
				GCC_OPTIMIZATION_LEVEL = 0;
				GCC_PREPROCESSOR_DEFINITIONS = (
					"DEBUG=1",
					"$(inherited)",
				);
				GCC_WARN_64_TO_32_BIT_CONVERSION = YES;
				GCC_WARN_ABOUT_RETURN_TYPE = YES_ERROR;
				GCC_WARN_UNDECLARED_SELECTOR = YES;
				GCC_WARN_UNINITIALIZED_AUTOS = YES_AGGRESSIVE;
				GCC_WARN_UNUSED_FUNCTION = YES;
				GCC_WARN_UNUSED_VARIABLE = YES;
				IPHONEOS_DEPLOYMENT_TARGET = 15.5;
				MTL_ENABLE_DEBUG_INFO = INCLUDE_SOURCE;
				MTL_FAST_MATH = YES;
				ONLY_ACTIVE_ARCH = YES;
				SDKROOT = iphoneos;
				SWIFT_ACTIVE_COMPILATION_CONDITIONS = DEBUG;
				SWIFT_OPTIMIZATION_LEVEL = "-Onone";
			};
			name = Debug;
		};
		72EFF066290076740014DF5D /* Release */ = {
			isa = XCBuildConfiguration;
			buildSettings = {
				ALWAYS_SEARCH_USER_PATHS = NO;
				CLANG_ANALYZER_NONNULL = YES;
				CLANG_ANALYZER_NUMBER_OBJECT_CONVERSION = YES_AGGRESSIVE;
				CLANG_CXX_LANGUAGE_STANDARD = "gnu++17";
				CLANG_ENABLE_MODULES = YES;
				CLANG_ENABLE_OBJC_ARC = YES;
				CLANG_ENABLE_OBJC_WEAK = YES;
				CLANG_WARN_BLOCK_CAPTURE_AUTORELEASING = YES;
				CLANG_WARN_BOOL_CONVERSION = YES;
				CLANG_WARN_COMMA = YES;
				CLANG_WARN_CONSTANT_CONVERSION = YES;
				CLANG_WARN_DEPRECATED_OBJC_IMPLEMENTATIONS = YES;
				CLANG_WARN_DIRECT_OBJC_ISA_USAGE = YES_ERROR;
				CLANG_WARN_DOCUMENTATION_COMMENTS = YES;
				CLANG_WARN_EMPTY_BODY = YES;
				CLANG_WARN_ENUM_CONVERSION = YES;
				CLANG_WARN_INFINITE_RECURSION = YES;
				CLANG_WARN_INT_CONVERSION = YES;
				CLANG_WARN_NON_LITERAL_NULL_CONVERSION = YES;
				CLANG_WARN_OBJC_IMPLICIT_RETAIN_SELF = YES;
				CLANG_WARN_OBJC_LITERAL_CONVERSION = YES;
				CLANG_WARN_OBJC_ROOT_CLASS = YES_ERROR;
				CLANG_WARN_QUOTED_INCLUDE_IN_FRAMEWORK_HEADER = YES;
				CLANG_WARN_RANGE_LOOP_ANALYSIS = YES;
				CLANG_WARN_STRICT_PROTOTYPES = YES;
				CLANG_WARN_SUSPICIOUS_MOVE = YES;
				CLANG_WARN_UNGUARDED_AVAILABILITY = YES_AGGRESSIVE;
				CLANG_WARN_UNREACHABLE_CODE = YES;
				CLANG_WARN__DUPLICATE_METHOD_MATCH = YES;
				COPY_PHASE_STRIP = NO;
				DEBUG_INFORMATION_FORMAT = "dwarf-with-dsym";
				ENABLE_NS_ASSERTIONS = NO;
				ENABLE_STRICT_OBJC_MSGSEND = YES;
				ENABLE_USER_SCRIPT_SANDBOXING = YES;
				GCC_C_LANGUAGE_STANDARD = gnu11;
				GCC_NO_COMMON_BLOCKS = YES;
				GCC_WARN_64_TO_32_BIT_CONVERSION = YES;
				GCC_WARN_ABOUT_RETURN_TYPE = YES_ERROR;
				GCC_WARN_UNDECLARED_SELECTOR = YES;
				GCC_WARN_UNINITIALIZED_AUTOS = YES_AGGRESSIVE;
				GCC_WARN_UNUSED_FUNCTION = YES;
				GCC_WARN_UNUSED_VARIABLE = YES;
				IPHONEOS_DEPLOYMENT_TARGET = 15.5;
				MTL_ENABLE_DEBUG_INFO = NO;
				MTL_FAST_MATH = YES;
				SDKROOT = iphoneos;
				SWIFT_COMPILATION_MODE = wholemodule;
				SWIFT_OPTIMIZATION_LEVEL = "-O";
				VALIDATE_PRODUCT = YES;
			};
			name = Release;
		};
		72EFF068290076740014DF5D /* Debug */ = {
			isa = XCBuildConfiguration;
			buildSettings = {
				ASSETCATALOG_COMPILER_APPICON_NAME = AppIcon;
				ASSETCATALOG_COMPILER_GLOBAL_ACCENT_COLOR_NAME = AccentColor;
				CODE_SIGN_STYLE = Automatic;
				CURRENT_PROJECT_VERSION = 1;
				GENERATE_INFOPLIST_FILE = YES;
				INFOPLIST_FILE = Gist/Common/Info.plist;
				INFOPLIST_KEY_UIApplicationSupportsIndirectInputEvents = YES;
				INFOPLIST_KEY_UILaunchStoryboardName = LaunchScreen;
				INFOPLIST_KEY_UIMainStoryboardFile = "";
				INFOPLIST_KEY_UISupportedInterfaceOrientations_iPad = "UIInterfaceOrientationPortrait UIInterfaceOrientationPortraitUpsideDown UIInterfaceOrientationLandscapeLeft UIInterfaceOrientationLandscapeRight";
				INFOPLIST_KEY_UISupportedInterfaceOrientations_iPhone = "UIInterfaceOrientationPortrait UIInterfaceOrientationLandscapeLeft UIInterfaceOrientationLandscapeRight";
				LD_RUNPATH_SEARCH_PATHS = (
					"$(inherited)",
					"@executable_path/Frameworks",
				);
				MARKETING_VERSION = 1.0;
				PRODUCT_BUNDLE_IDENTIFIER = com.gist.test.Gist;
				PRODUCT_NAME = "$(TARGET_NAME)";
				SWIFT_EMIT_LOC_STRINGS = YES;
				SWIFT_VERSION = 5.0;
				TARGETED_DEVICE_FAMILY = "1,2";
			};
			name = Debug;
		};
		72EFF069290076740014DF5D /* Release */ = {
			isa = XCBuildConfiguration;
			buildSettings = {
				ASSETCATALOG_COMPILER_APPICON_NAME = AppIcon;
				ASSETCATALOG_COMPILER_GLOBAL_ACCENT_COLOR_NAME = AccentColor;
				CODE_SIGN_STYLE = Automatic;
				CURRENT_PROJECT_VERSION = 1;
				GENERATE_INFOPLIST_FILE = YES;
				INFOPLIST_FILE = Gist/Common/Info.plist;
				INFOPLIST_KEY_UIApplicationSupportsIndirectInputEvents = YES;
				INFOPLIST_KEY_UILaunchStoryboardName = LaunchScreen;
				INFOPLIST_KEY_UIMainStoryboardFile = "";
				INFOPLIST_KEY_UISupportedInterfaceOrientations_iPad = "UIInterfaceOrientationPortrait UIInterfaceOrientationPortraitUpsideDown UIInterfaceOrientationLandscapeLeft UIInterfaceOrientationLandscapeRight";
				INFOPLIST_KEY_UISupportedInterfaceOrientations_iPhone = "UIInterfaceOrientationPortrait UIInterfaceOrientationLandscapeLeft UIInterfaceOrientationLandscapeRight";
				LD_RUNPATH_SEARCH_PATHS = (
					"$(inherited)",
					"@executable_path/Frameworks",
				);
				MARKETING_VERSION = 1.0;
				PRODUCT_BUNDLE_IDENTIFIER = com.gist.test.Gist;
				PRODUCT_NAME = "$(TARGET_NAME)";
				SWIFT_EMIT_LOC_STRINGS = YES;
				SWIFT_VERSION = 5.0;
				TARGETED_DEVICE_FAMILY = "1,2";
			};
			name = Release;
		};
		72EFF06B290076740014DF5D /* Debug */ = {
			isa = XCBuildConfiguration;
			buildSettings = {
				ALWAYS_EMBED_SWIFT_STANDARD_LIBRARIES = YES;
				BUNDLE_LOADER = "$(TEST_HOST)";
				CLANG_ENABLE_MODULES = YES;
				CODE_SIGN_STYLE = Automatic;
				CURRENT_PROJECT_VERSION = 1;
				GENERATE_INFOPLIST_FILE = YES;
				IPHONEOS_DEPLOYMENT_TARGET = 15.5;
				MARKETING_VERSION = 1.0;
				PRODUCT_BUNDLE_IDENTIFIER = com.gist.test.GistTests;
				PRODUCT_NAME = "$(TARGET_NAME)";
				SWIFT_EMIT_LOC_STRINGS = NO;
				SWIFT_OPTIMIZATION_LEVEL = "-Onone";
				SWIFT_VERSION = 5.0;
				TARGETED_DEVICE_FAMILY = "1,2";
				TEST_HOST = "$(BUILT_PRODUCTS_DIR)/Gist.app/Gist";
			};
			name = Debug;
		};
		72EFF06C290076740014DF5D /* Release */ = {
			isa = XCBuildConfiguration;
			buildSettings = {
				ALWAYS_EMBED_SWIFT_STANDARD_LIBRARIES = YES;
				BUNDLE_LOADER = "$(TEST_HOST)";
				CLANG_ENABLE_MODULES = YES;
				CODE_SIGN_STYLE = Automatic;
				CURRENT_PROJECT_VERSION = 1;
				GENERATE_INFOPLIST_FILE = YES;
				IPHONEOS_DEPLOYMENT_TARGET = 15.5;
				MARKETING_VERSION = 1.0;
				PRODUCT_BUNDLE_IDENTIFIER = com.gist.test.GistTests;
				PRODUCT_NAME = "$(TARGET_NAME)";
				SWIFT_EMIT_LOC_STRINGS = NO;
				SWIFT_VERSION = 5.0;
				TARGETED_DEVICE_FAMILY = "1,2";
				TEST_HOST = "$(BUILT_PRODUCTS_DIR)/Gist.app/Gist";
			};
			name = Release;
		};
/* End XCBuildConfiguration section */

/* Begin XCConfigurationList section */
		72EFF038290076740014DF5D /* Build configuration list for PBXProject "Gist" */ = {
			isa = XCConfigurationList;
			buildConfigurations = (
				72EFF065290076740014DF5D /* Debug */,
				72EFF066290076740014DF5D /* Release */,
			);
			defaultConfigurationIsVisible = 0;
			defaultConfigurationName = Release;
		};
		72EFF067290076740014DF5D /* Build configuration list for PBXNativeTarget "Gist" */ = {
			isa = XCConfigurationList;
			buildConfigurations = (
				72EFF068290076740014DF5D /* Debug */,
				72EFF069290076740014DF5D /* Release */,
			);
			defaultConfigurationIsVisible = 0;
			defaultConfigurationName = Release;
		};
		72EFF06A290076740014DF5D /* Build configuration list for PBXNativeTarget "GistTests" */ = {
			isa = XCConfigurationList;
			buildConfigurations = (
				72EFF06B290076740014DF5D /* Debug */,
				72EFF06C290076740014DF5D /* Release */,
			);
			defaultConfigurationIsVisible = 0;
			defaultConfigurationName = Release;
		};
/* End XCConfigurationList section */
	};
	rootObject = 72EFF035290076740014DF5D /* Project object */;
}
